PODS:
  - Nimble (7.3.4)
  - Quick (1.3.4)
  - ReactiveCocoa (8.0.2):
    - ReactiveSwift (~> 4.0)
  - ReactiveSwift (4.0.0):
    - Result (~> 4.0)
  - Result (4.1.0)

DEPENDENCIES:
  - Nimble (~> 7.3.2)
  - Quick (~> 1.3)
  - ReactiveCocoa (~> 8.0)
  - ReactiveSwift (~> 4.0)

SPEC REPOS:
  https://github.com/cocoapods/specs.git:
    - Nimble
    - Quick
    - ReactiveCocoa
    - ReactiveSwift
    - Result

SPEC CHECKSUMS:
  Nimble: 051e3d8912d40138fa5591c78594f95fb172af37
  Quick: f4f7f063c524394c73ed93ac70983c609805d481
  ReactiveCocoa: fbd26e9ba60e98417ee47433e59465a98ed9da0f
  ReactiveSwift: a2bb9ace428a109e9c0209615645d9d286c8c433
  Result: bd966fac789cc6c1563440b348ab2598cc24d5c7

PODFILE CHECKSUM: 02575d8f1f74f7a69144c0cff748c0df0380a325

COCOAPODS: 1.5.3
