PODS:
  - Nimble (7.0.3)
  - Quick (1.2.0)
  - ReactiveCocoa (8.0.2):
    - ReactiveSwift (~> 4.0)
  - ReactiveSwift (4.0.0):
    - Result (~> 4.0)
  - Result (4.1.0)

DEPENDENCIES:
  - Nimble (= 7.0.3)
  - Quick (= 1.2.0)
  - ReactiveCocoa (~> 8.0)
  - ReactiveSwift (~> 4.0)

SPEC REPOS:
  https://github.com/cocoapods/specs.git:
    - Nimble
    - Quick
    - ReactiveCocoa
    - ReactiveSwift
    - Result

SPEC CHECKSUMS:
  Nimble: 7f5a9c447a33002645a071bddafbfb24ea70e0ac
  Quick: 58d203b1c5e27fff7229c4c1ae445ad7069a7a08
  ReactiveCocoa: fbd26e9ba60e98417ee47433e59465a98ed9da0f
  ReactiveSwift: a2bb9ace428a109e9c0209615645d9d286c8c433
  Result: bd966fac789cc6c1563440b348ab2598cc24d5c7

PODFILE CHECKSUM: f101090514bdd7c9aceb1e746e2bc2a4173a4ec9

COCOAPODS: 1.5.3
